// !$*UTF8*$!
{
	archiveVersion = 1;
	classes = {
	};
	objectVersion = 50;
	objects = {

/* Begin PBXBuildFile section */
		A8CF27C724C93C76005E3350 /* AppDelegate.swift in Sources */ = {isa = PBXBuildFile; fileRef = A8CF27C624C93C76005E3350 /* AppDelegate.swift */; };
		A8CF27C924C93C76005E3350 /* SceneDelegate.swift in Sources */ = {isa = PBXBuildFile; fileRef = A8CF27C824C93C76005E3350 /* SceneDelegate.swift */; };
		A8CF27CB24C93C76005E3350 /* ViewController.swift in Sources */ = {isa = PBXBuildFile; fileRef = A8CF27CA24C93C76005E3350 /* ViewController.swift */; };
		A8CF27CE24C93C76005E3350 /* Main.storyboard in Resources */ = {isa = PBXBuildFile; fileRef = A8CF27CC24C93C76005E3350 /* Main.storyboard */; };
		A8CF27D024C93C78005E3350 /* Assets.xcassets in Resources */ = {isa = PBXBuildFile; fileRef = A8CF27CF24C93C78005E3350 /* Assets.xcassets */; };
		A8CF27D324C93C78005E3350 /* LaunchScreen.storyboard in Resources */ = {isa = PBXBuildFile; fileRef = A8CF27D124C93C78005E3350 /* LaunchScreen.storyboard */; };
		A8CF27DE24C93C79005E3350 /* tipTests.swift in Sources */ = {isa = PBXBuildFile; fileRef = A8CF27DD24C93C79005E3350 /* tipTests.swift */; };
		A8CF27E924C93C79005E3350 /* tipUITests.swift in Sources */ = {isa = PBXBuildFile; fileRef = A8CF27E824C93C79005E3350 /* tipUITests.swift */; };
		A8CF27F724C94633005E3350 /* SettingsViewController.swift in Sources */ = {isa = PBXBuildFile; fileRef = A8CF27F624C94633005E3350 /* SettingsViewController.swift */; };
/* End PBXBuildFile section */

/* Begin PBXContainerItemProxy section */
		A8CF27DA24C93C79005E3350 /* PBXContainerItemProxy */ = {
			isa = PBXContainerItemProxy;
			containerPortal = A8CF27BB24C93C76005E3350 /* Project object */;
			proxyType = 1;
			remoteGlobalIDString = A8CF27C224C93C76005E3350;
			remoteInfo = tip;
		};
		A8CF27E524C93C79005E3350 /* PBXContainerItemProxy */ = {
			isa = PBXContainerItemProxy;
			containerPortal = A8CF27BB24C93C76005E3350 /* Project object */;
			proxyType = 1;
			remoteGlobalIDString = A8CF27C224C93C76005E3350;
			remoteInfo = tip;
		};
/* End PBXContainerItemProxy section */

/* Begin PBXFileReference section */
		A8CF27C324C93C76005E3350 /* tip.app */ = {isa = PBXFileReference; explicitFileType = wrapper.application; includeInIndex = 0; path = tip.app; sourceTree = BUILT_PRODUCTS_DIR; };
		A8CF27C624C93C76005E3350 /* AppDelegate.swift */ = {isa = PBXFileReference; lastKnownFileType = sourcecode.swift; path = AppDelegate.swift; sourceTree = "<group>"; };
		A8CF27C824C93C76005E3350 /* SceneDelegate.swift */ = {isa = PBXFileReference; lastKnownFileType = sourcecode.swift; path = SceneDelegate.swift; sourceTree = "<group>"; };
		A8CF27CA24C93C76005E3350 /* ViewController.swift */ = {isa = PBXFileReference; lastKnownFileType = sourcecode.swift; path = ViewController.swift; sourceTree = "<group>"; };
		A8CF27CD24C93C76005E3350 /* Base */ = {isa = PBXFileReference; lastKnownFileType = file.storyboard; name = Base; path = Base.lproj/Main.storyboard; sourceTree = "<group>"; };
		A8CF27CF24C93C78005E3350 /* Assets.xcassets */ = {isa = PBXFileReference; lastKnownFileType = folder.assetcatalog; path = Assets.xcassets; sourceTree = "<group>"; };
		A8CF27D224C93C78005E3350 /* Base */ = {isa = PBXFileReference; lastKnownFileType = file.storyboard; name = Base; path = Base.lproj/LaunchScreen.storyboard; sourceTree = "<group>"; };
		A8CF27D424C93C78005E3350 /* Info.plist */ = {isa = PBXFileReference; lastKnownFileType = text.plist.xml; path = Info.plist; sourceTree = "<group>"; };
		A8CF27D924C93C79005E3350 /* tipTests.xctest */ = {isa = PBXFileReference; explicitFileType = wrapper.cfbundle; includeInIndex = 0; path = tipTests.xctest; sourceTree = BUILT_PRODUCTS_DIR; };
		A8CF27DD24C93C79005E3350 /* tipTests.swift */ = {isa = PBXFileReference; lastKnownFileType = sourcecode.swift; path = tipTests.swift; sourceTree = "<group>"; };
		A8CF27DF24C93C79005E3350 /* Info.plist */ = {isa = PBXFileReference; lastKnownFileType = text.plist.xml; path = Info.plist; sourceTree = "<group>"; };
		A8CF27E424C93C79005E3350 /* tipUITests.xctest */ = {isa = PBXFileReference; explicitFileType = wrapper.cfbundle; includeInIndex = 0; path = tipUITests.xctest; sourceTree = BUILT_PRODUCTS_DIR; };
		A8CF27E824C93C79005E3350 /* tipUITests.swift */ = {isa = PBXFileReference; lastKnownFileType = sourcecode.swift; path = tipUITests.swift; sourceTree = "<group>"; };
		A8CF27EA24C93C79005E3350 /* Info.plist */ = {isa = PBXFileReference; lastKnownFileType = text.plist.xml; path = Info.plist; sourceTree = "<group>"; };
		A8CF27F624C94633005E3350 /* SettingsViewController.swift */ = {isa = PBXFileReference; lastKnownFileType = sourcecode.swift; path = SettingsViewController.swift; sourceTree = "<group>"; usesTabs = 0; };
/* End PBXFileReference section */

/* Begin PBXFrameworksBuildPhase section */
		A8CF27C024C93C76005E3350 /* Frameworks */ = {
			isa = PBXFrameworksBuildPhase;
			buildActionMask = 2147483647;
			files = (
			);
			runOnlyForDeploymentPostprocessing = 0;
		};
		A8CF27D624C93C79005E3350 /* Frameworks */ = {
			isa = PBXFrameworksBuildPhase;
			buildActionMask = 2147483647;
			files = (
			);
			runOnlyForDeploymentPostprocessing = 0;
		};
		A8CF27E124C93C79005E3350 /* Frameworks */ = {
			isa = PBXFrameworksBuildPhase;
			buildActionMask = 2147483647;
			files = (
			);
			runOnlyForDeploymentPostprocessing = 0;
		};
/* End PBXFrameworksBuildPhase section */

/* Begin PBXGroup section */
		A8CF27BA24C93C76005E3350 = {
			isa = PBXGroup;
			children = (
				A8CF27C524C93C76005E3350 /* tip */,
				A8CF27DC24C93C79005E3350 /* tipTests */,
				A8CF27E724C93C79005E3350 /* tipUITests */,
				A8CF27C424C93C76005E3350 /* Products */,
			);
			sourceTree = "<group>";
		};
		A8CF27C424C93C76005E3350 /* Products */ = {
			isa = PBXGroup;
			children = (
				A8CF27C324C93C76005E3350 /* tip.app */,
				A8CF27D924C93C79005E3350 /* tipTests.xctest */,
				A8CF27E424C93C79005E3350 /* tipUITests.xctest */,
			);
			name = Products;
			sourceTree = "<group>";
		};
		A8CF27C524C93C76005E3350 /* tip */ = {
			isa = PBXGroup;
			children = (
				A8CF27C624C93C76005E3350 /* AppDelegate.swift */,
				A8CF27C824C93C76005E3350 /* SceneDelegate.swift */,
				A8CF27CA24C93C76005E3350 /* ViewController.swift */,
				A8CF27CC24C93C76005E3350 /* Main.storyboard */,
				A8CF27F624C94633005E3350 /* SettingsViewController.swift */,
				A8CF27CF24C93C78005E3350 /* Assets.xcassets */,
				A8CF27D124C93C78005E3350 /* LaunchScreen.storyboard */,
				A8CF27D424C93C78005E3350 /* Info.plist */,
			);
			path = tip;
			sourceTree = "<group>";
		};
		A8CF27DC24C93C79005E3350 /* tipTests */ = {
			isa = PBXGroup;
			children = (
				A8CF27DD24C93C79005E3350 /* tipTests.swift */,
				A8CF27DF24C93C79005E3350 /* Info.plist */,
			);
			path = tipTests;
			sourceTree = "<group>";
		};
		A8CF27E724C93C79005E3350 /* tipUITests */ = {
			isa = PBXGroup;
			children = (
				A8CF27E824C93C79005E3350 /* tipUITests.swift */,
				A8CF27EA24C93C79005E3350 /* Info.plist */,
			);
			path = tipUITests;
			sourceTree = "<group>";
		};
/* End PBXGroup section */

/* Begin PBXNativeTarget section */
		A8CF27C224C93C76005E3350 /* tip */ = {
			isa = PBXNativeTarget;
			buildConfigurationList = A8CF27ED24C93C79005E3350 /* Build configuration list for PBXNativeTarget "tip" */;
			buildPhases = (
				A8CF27BF24C93C76005E3350 /* Sources */,
				A8CF27C024C93C76005E3350 /* Frameworks */,
				A8CF27C124C93C76005E3350 /* Resources */,
			);
			buildRules = (
			);
			dependencies = (
			);
			name = tip;
			productName = tip;
			productReference = A8CF27C324C93C76005E3350 /* tip.app */;
			productType = "com.apple.product-type.application";
		};
		A8CF27D824C93C79005E3350 /* tipTests */ = {
			isa = PBXNativeTarget;
			buildConfigurationList = A8CF27F024C93C79005E3350 /* Build configuration list for PBXNativeTarget "tipTests" */;
			buildPhases = (
				A8CF27D524C93C79005E3350 /* Sources */,
				A8CF27D624C93C79005E3350 /* Frameworks */,
				A8CF27D724C93C79005E3350 /* Resources */,
			);
			buildRules = (
			);
			dependencies = (
				A8CF27DB24C93C79005E3350 /* PBXTargetDependency */,
			);
			name = tipTests;
			productName = tipTests;
			productReference = A8CF27D924C93C79005E3350 /* tipTests.xctest */;
			productType = "com.apple.product-type.bundle.unit-test";
		};
		A8CF27E324C93C79005E3350 /* tipUITests */ = {
			isa = PBXNativeTarget;
			buildConfigurationList = A8CF27F324C93C79005E3350 /* Build configuration list for PBXNativeTarget "tipUITests" */;
			buildPhases = (
				A8CF27E024C93C79005E3350 /* Sources */,
				A8CF27E124C93C79005E3350 /* Frameworks */,
				A8CF27E224C93C79005E3350 /* Resources */,
			);
			buildRules = (
			);
			dependencies = (
				A8CF27E624C93C79005E3350 /* PBXTargetDependency */,
			);
			name = tipUITests;
			productName = tipUITests;
			productReference = A8CF27E424C93C79005E3350 /* tipUITests.xctest */;
			productType = "com.apple.product-type.bundle.ui-testing";
		};
/* End PBXNativeTarget section */

/* Begin PBXProject section */
		A8CF27BB24C93C76005E3350 /* Project object */ = {
			isa = PBXProject;
			attributes = {
				LastSwiftUpdateCheck = 1150;
				LastUpgradeCheck = 1150;
				ORGANIZATIONNAME = Codepath;
				TargetAttributes = {
					A8CF27C224C93C76005E3350 = {
						CreatedOnToolsVersion = 11.5;
					};
					A8CF27D824C93C79005E3350 = {
						CreatedOnToolsVersion = 11.5;
						TestTargetID = A8CF27C224C93C76005E3350;
					};
					A8CF27E324C93C79005E3350 = {
						CreatedOnToolsVersion = 11.5;
						TestTargetID = A8CF27C224C93C76005E3350;
					};
				};
			};
			buildConfigurationList = A8CF27BE24C93C76005E3350 /* Build configuration list for PBXProject "tip" */;
			compatibilityVersion = "Xcode 9.3";
			developmentRegion = en;
			hasScannedForEncodings = 0;
			knownRegions = (
				en,
				Base,
			);
			mainGroup = A8CF27BA24C93C76005E3350;
			productRefGroup = A8CF27C424C93C76005E3350 /* Products */;
			projectDirPath = "";
			projectRoot = "";
			targets = (
				A8CF27C224C93C76005E3350 /* tip */,
				A8CF27D824C93C79005E3350 /* tipTests */,
				A8CF27E324C93C79005E3350 /* tipUITests */,
			);
		};
/* End PBXProject section */

/* Begin PBXResourcesBuildPhase section */
		A8CF27C124C93C76005E3350 /* Resources */ = {
			isa = PBXResourcesBuildPhase;
			buildActionMask = 2147483647;
			files = (
				A8CF27D324C93C78005E3350 /* LaunchScreen.storyboard in Resources */,
				A8CF27D024C93C78005E3350 /* Assets.xcassets in Resources */,
				A8CF27CE24C93C76005E3350 /* Main.storyboard in Resources */,
			);
			runOnlyForDeploymentPostprocessing = 0;
		};
		A8CF27D724C93C79005E3350 /* Resources */ = {
			isa = PBXResourcesBuildPhase;
			buildActionMask = 2147483647;
			files = (
			);
			runOnlyForDeploymentPostprocessing = 0;
		};
		A8CF27E224C93C79005E3350 /* Resources */ = {
			isa = PBXResourcesBuildPhase;
			buildActionMask = 2147483647;
			files = (
			);
			runOnlyForDeploymentPostprocessing = 0;
		};
/* End PBXResourcesBuildPhase section */

/* Begin PBXSourcesBuildPhase section */
		A8CF27BF24C93C76005E3350 /* Sources */ = {
			isa = PBXSourcesBuildPhase;
			buildActionMask = 2147483647;
			files = (
				A8CF27CB24C93C76005E3350 /* ViewController.swift in Sources */,
				A8CF27C724C93C76005E3350 /* AppDelegate.swift in Sources */,
				A8CF27C924C93C76005E3350 /* SceneDelegate.swift in Sources */,
				A8CF27F724C94633005E3350 /* SettingsViewController.swift in Sources */,
			);
			runOnlyForDeploymentPostprocessing = 0;
		};
		A8CF27D524C93C79005E3350 /* Sources */ = {
			isa = PBXSourcesBuildPhase;
			buildActionMask = 2147483647;
			files = (
				A8CF27DE24C93C79005E3350 /* tipTests.swift in Sources */,
			);
			runOnlyForDeploymentPostprocessing = 0;
		};
		A8CF27E024C93C79005E3350 /* Sources */ = {
			isa = PBXSourcesBuildPhase;
			buildActionMask = 2147483647;
			files = (
				A8CF27E924C93C79005E3350 /* tipUITests.swift in Sources */,
			);
			runOnlyForDeploymentPostprocessing = 0;
		};
/* End PBXSourcesBuildPhase section */

/* Begin PBXTargetDependency section */
		A8CF27DB24C93C79005E3350 /* PBXTargetDependency */ = {
			isa = PBXTargetDependency;
			target = A8CF27C224C93C76005E3350 /* tip */;
			targetProxy = A8CF27DA24C93C79005E3350 /* PBXContainerItemProxy */;
		};
		A8CF27E624C93C79005E3350 /* PBXTargetDependency */ = {
			isa = PBXTargetDependency;
			target = A8CF27C224C93C76005E3350 /* tip */;
			targetProxy = A8CF27E524C93C79005E3350 /* PBXContainerItemProxy */;
		};
/* End PBXTargetDependency section */

/* Begin PBXVariantGroup section */
		A8CF27CC24C93C76005E3350 /* Main.storyboard */ = {
			isa = PBXVariantGroup;
			children = (
				A8CF27CD24C93C76005E3350 /* Base */,
			);
			name = Main.storyboard;
			sourceTree = "<group>";
		};
		A8CF27D124C93C78005E3350 /* LaunchScreen.storyboard */ = {
			isa = PBXVariantGroup;
			children = (
				A8CF27D224C93C78005E3350 /* Base */,
			);
			name = LaunchScreen.storyboard;
			sourceTree = "<group>";
		};
/* End PBXVariantGroup section */

/* Begin XCBuildConfiguration section */
		A8CF27EB24C93C79005E3350 /* Debug */ = {
			isa = XCBuildConfiguration;
			buildSettings = {
				ALWAYS_SEARCH_USER_PATHS = NO;
				CLANG_ANALYZER_NONNULL = YES;
				CLANG_ANALYZER_NUMBER_OBJECT_CONVERSION = YES_AGGRESSIVE;
				CLANG_CXX_LANGUAGE_STANDARD = "gnu++14";
				CLANG_CXX_LIBRARY = "libc++";
				CLANG_ENABLE_MODULES = YES;
				CLANG_ENABLE_OBJC_ARC = YES;
				CLANG_ENABLE_OBJC_WEAK = YES;
				CLANG_WARN_BLOCK_CAPTURE_AUTORELEASING = YES;
				CLANG_WARN_BOOL_CONVERSION = YES;
				CLANG_WARN_COMMA = YES;
				CLANG_WARN_CONSTANT_CONVERSION = YES;
				CLANG_WARN_DEPRECATED_OBJC_IMPLEMENTATIONS = YES;
				CLANG_WARN_DIRECT_OBJC_ISA_USAGE = YES_ERROR;
				CLANG_WARN_DOCUMENTATION_COMMENTS = YES;
				CLANG_WARN_EMPTY_BODY = YES;
				CLANG_WARN_ENUM_CONVERSION = YES;
				CLANG_WARN_INFINITE_RECURSION = YES;
				CLANG_WARN_INT_CONVERSION = YES;
				CLANG_WARN_NON_LITERAL_NULL_CONVERSION = YES;
				CLANG_WARN_OBJC_IMPLICIT_RETAIN_SELF = YES;
				CLANG_WARN_OBJC_LITERAL_CONVERSION = YES;
				CLANG_WARN_OBJC_ROOT_CLASS = YES_ERROR;
				CLANG_WARN_RANGE_LOOP_ANALYSIS = YES;
				CLANG_WARN_STRICT_PROTOTYPES = YES;
				CLANG_WARN_SUSPICIOUS_MOVE = YES;
				CLANG_WARN_UNGUARDED_AVAILABILITY = YES_AGGRESSIVE;
				CLANG_WARN_UNREACHABLE_CODE = YES;
				CLANG_WARN__DUPLICATE_METHOD_MATCH = YES;
				COPY_PHASE_STRIP = NO;
				DEBUG_INFORMATION_FORMAT = dwarf;
				ENABLE_STRICT_OBJC_MSGSEND = YES;
				ENABLE_TESTABILITY = YES;
				GCC_C_LANGUAGE_STANDARD = gnu11;
				GCC_DYNAMIC_NO_PIC = NO;
				GCC_NO_COMMON_BLOCKS = YES;
				GCC_OPTIMIZATION_LEVEL = 0;
				GCC_PREPROCESSOR_DEFINITIONS = (
					"DEBUG=1",
					"$(inherited)",
				);
				GCC_WARN_64_TO_32_BIT_CONVERSION = YES;
				GCC_WARN_ABOUT_RETURN_TYPE = YES_ERROR;
				GCC_WARN_UNDECLARED_SELECTOR = YES;
				GCC_WARN_UNINITIALIZED_AUTOS = YES_AGGRESSIVE;
				GCC_WARN_UNUSED_FUNCTION = YES;
				GCC_WARN_UNUSED_VARIABLE = YES;
				IPHONEOS_DEPLOYMENT_TARGET = 13.5;
				MTL_ENABLE_DEBUG_INFO = INCLUDE_SOURCE;
				MTL_FAST_MATH = YES;
				ONLY_ACTIVE_ARCH = YES;
				SDKROOT = iphoneos;
				SWIFT_ACTIVE_COMPILATION_CONDITIONS = DEBUG;
				SWIFT_OPTIMIZATION_LEVEL = "-Onone";
			};
			name = Debug;
		};
		A8CF27EC24C93C79005E3350 /* Release */ = {
			isa = XCBuildConfiguration;
			buildSettings = {
				ALWAYS_SEARCH_USER_PATHS = NO;
				CLANG_ANALYZER_NONNULL = YES;
				CLANG_ANALYZER_NUMBER_OBJECT_CONVERSION = YES_AGGRESSIVE;
				CLANG_CXX_LANGUAGE_STANDARD = "gnu++14";
				CLANG_CXX_LIBRARY = "libc++";
				CLANG_ENABLE_MODULES = YES;
				CLANG_ENABLE_OBJC_ARC = YES;
				CLANG_ENABLE_OBJC_WEAK = YES;
				CLANG_WARN_BLOCK_CAPTURE_AUTORELEASING = YES;
				CLANG_WARN_BOOL_CONVERSION = YES;
				CLANG_WARN_COMMA = YES;
				CLANG_WARN_CONSTANT_CONVERSION = YES;
				CLANG_WARN_DEPRECATED_OBJC_IMPLEMENTATIONS = YES;
				CLANG_WARN_DIRECT_OBJC_ISA_USAGE = YES_ERROR;
				CLANG_WARN_DOCUMENTATION_COMMENTS = YES;
				CLANG_WARN_EMPTY_BODY = YES;
				CLANG_WARN_ENUM_CONVERSION = YES;
				CLANG_WARN_INFINITE_RECURSION = YES;
				CLANG_WARN_INT_CONVERSION = YES;
				CLANG_WARN_NON_LITERAL_NULL_CONVERSION = YES;
				CLANG_WARN_OBJC_IMPLICIT_RETAIN_SELF = YES;
				CLANG_WARN_OBJC_LITERAL_CONVERSION = YES;
				CLANG_WARN_OBJC_ROOT_CLASS = YES_ERROR;
				CLANG_WARN_RANGE_LOOP_ANALYSIS = YES;
				CLANG_WARN_STRICT_PROTOTYPES = YES;
				CLANG_WARN_SUSPICIOUS_MOVE = YES;
				CLANG_WARN_UNGUARDED_AVAILABILITY = YES_AGGRESSIVE;
				CLANG_WARN_UNREACHABLE_CODE = YES;
				CLANG_WARN__DUPLICATE_METHOD_MATCH = YES;
				COPY_PHASE_STRIP = NO;
				DEBUG_INFORMATION_FORMAT = "dwarf-with-dsym";
				ENABLE_NS_ASSERTIONS = NO;
				ENABLE_STRICT_OBJC_MSGSEND = YES;
				GCC_C_LANGUAGE_STANDARD = gnu11;
				GCC_NO_COMMON_BLOCKS = YES;
				GCC_WARN_64_TO_32_BIT_CONVERSION = YES;
				GCC_WARN_ABOUT_RETURN_TYPE = YES_ERROR;
				GCC_WARN_UNDECLARED_SELECTOR = YES;
				GCC_WARN_UNINITIALIZED_AUTOS = YES_AGGRESSIVE;
				GCC_WARN_UNUSED_FUNCTION = YES;
				GCC_WARN_UNUSED_VARIABLE = YES;
				IPHONEOS_DEPLOYMENT_TARGET = 13.5;
				MTL_ENABLE_DEBUG_INFO = NO;
				MTL_FAST_MATH = YES;
				SDKROOT = iphoneos;
				SWIFT_COMPILATION_MODE = wholemodule;
				SWIFT_OPTIMIZATION_LEVEL = "-O";
				VALIDATE_PRODUCT = YES;
			};
			name = Release;
		};
		A8CF27EE24C93C79005E3350 /* Debug */ = {
			isa = XCBuildConfiguration;
			buildSettings = {
				ASSETCATALOG_COMPILER_APPICON_NAME = AppIcon;
				CODE_SIGN_IDENTITY = "iPhone Developer";
				CODE_SIGN_STYLE = Automatic;
				DEVELOPMENT_TEAM = JDGCC2DY4C;
				INFOPLIST_FILE = tip/Info.plist;
				LD_RUNPATH_SEARCH_PATHS = (
					"$(inherited)",
					"@executable_path/Frameworks",
				);
				PRODUCT_BUNDLE_IDENTIFIER = zubairshaik;
				PRODUCT_NAME = "$(TARGET_NAME)";
				SWIFT_VERSION = 5.0;
				TARGETED_DEVICE_FAMILY = "1,2";
			};
			name = Debug;
		};
		A8CF27EF24C93C79005E3350 /* Release */ = {
			isa = XCBuildConfiguration;
			buildSettings = {
				ASSETCATALOG_COMPILER_APPICON_NAME = AppIcon;
				CODE_SIGN_IDENTITY = "iPhone Developer";
				CODE_SIGN_STYLE = Automatic;
				DEVELOPMENT_TEAM = JDGCC2DY4C;
				INFOPLIST_FILE = tip/Info.plist;
				LD_RUNPATH_SEARCH_PATHS = (
					"$(inherited)",
					"@executable_path/Frameworks",
				);
				PRODUCT_BUNDLE_IDENTIFIER = zubairshaik;
				PRODUCT_NAME = "$(TARGET_NAME)";
				SWIFT_VERSION = 5.0;
				TARGETED_DEVICE_FAMILY = "1,2";
			};
			name = Release;
		};
		A8CF27F124C93C79005E3350 /* Debug */ = {
			isa = XCBuildConfiguration;
			buildSettings = {
				ALWAYS_EMBED_SWIFT_STANDARD_LIBRARIES = YES;
				BUNDLE_LOADER = "$(TEST_HOST)";
				CODE_SIGN_STYLE = Automatic;
				INFOPLIST_FILE = tipTests/Info.plist;
				IPHONEOS_DEPLOYMENT_TARGET = 13.5;
				LD_RUNPATH_SEARCH_PATHS = (
					"$(inherited)",
					"@executable_path/Frameworks",
					"@loader_path/Frameworks",
				);
				PRODUCT_BUNDLE_IDENTIFIER = Codepath.tipTests;
				PRODUCT_NAME = "$(TARGET_NAME)";
				SWIFT_VERSION = 5.0;
				TARGETED_DEVICE_FAMILY = "1,2";
				TEST_HOST = "$(BUILT_PRODUCTS_DIR)/tip.app/tip";
			};
			name = Debug;
		};
		A8CF27F224C93C79005E3350 /* Release */ = {
			isa = XCBuildConfiguration;
			buildSettings = {
				ALWAYS_EMBED_SWIFT_STANDARD_LIBRARIES = YES;
				BUNDLE_LOADER = "$(TEST_HOST)";
				CODE_SIGN_STYLE = Automatic;
				INFOPLIST_FILE = tipTests/Info.plist;
				IPHONEOS_DEPLOYMENT_TARGET = 13.5;
				LD_RUNPATH_SEARCH_PATHS = (
					"$(inherited)",
					"@executable_path/Frameworks",
					"@loader_path/Frameworks",
				);
				PRODUCT_BUNDLE_IDENTIFIER = Codepath.tipTests;
				PRODUCT_NAME = "$(TARGET_NAME)";
				SWIFT_VERSION = 5.0;
				TARGETED_DEVICE_FAMILY = "1,2";
				TEST_HOST = "$(BUILT_PRODUCTS_DIR)/tip.app/tip";
			};
			name = Release;
		};
		A8CF27F424C93C79005E3350 /* Debug */ = {
			isa = XCBuildConfiguration;
			buildSettings = {
				ALWAYS_EMBED_SWIFT_STANDARD_LIBRARIES = YES;
				CODE_SIGN_STYLE = Automatic;
				INFOPLIST_FILE = tipUITests/Info.plist;
				LD_RUNPATH_SEARCH_PATHS = (
					"$(inherited)",
					"@executable_path/Frameworks",
					"@loader_path/Frameworks",
				);
				PRODUCT_BUNDLE_IDENTIFIER = Codepath.tipUITests;
				PRODUCT_NAME = "$(TARGET_NAME)";
				SWIFT_VERSION = 5.0;
				TARGETED_DEVICE_FAMILY = "1,2";
				TEST_TARGET_NAME = tip;
			};
			name = Debug;
		};
		A8CF27F524C93C79005E3350 /* Release */ = {
			isa = XCBuildConfiguration;
			buildSettings = {
				ALWAYS_EMBED_SWIFT_STANDARD_LIBRARIES = YES;
				CODE_SIGN_STYLE = Automatic;
				INFOPLIST_FILE = tipUITests/Info.plist;
				LD_RUNPATH_SEARCH_PATHS = (
					"$(inherited)",
					"@executable_path/Frameworks",
					"@loader_path/Frameworks",
				);
				PRODUCT_BUNDLE_IDENTIFIER = Codepath.tipUITests;
				PRODUCT_NAME = "$(TARGET_NAME)";
				SWIFT_VERSION = 5.0;
				TARGETED_DEVICE_FAMILY = "1,2";
				TEST_TARGET_NAME = tip;
			};
			name = Release;
		};
/* End XCBuildConfiguration section */

/* Begin XCConfigurationList section */
		A8CF27BE24C93C76005E3350 /* Build configuration list for PBXProject "tip" */ = {
			isa = XCConfigurationList;
			buildConfigurations = (
				A8CF27EB24C93C79005E3350 /* Debug */,
				A8CF27EC24C93C79005E3350 /* Release */,
			);
			defaultConfigurationIsVisible = 0;
			defaultConfigurationName = Release;
		};
		A8CF27ED24C93C79005E3350 /* Build configuration list for PBXNativeTarget "tip" */ = {
			isa = XCConfigurationList;
			buildConfigurations = (
				A8CF27EE24C93C79005E3350 /* Debug */,
				A8CF27EF24C93C79005E3350 /* Release */,
			);
			defaultConfigurationIsVisible = 0;
			defaultConfigurationName = Release;
		};
		A8CF27F024C93C79005E3350 /* Build configuration list for PBXNativeTarget "tipTests" */ = {
			isa = XCConfigurationList;
			buildConfigurations = (
				A8CF27F124C93C79005E3350 /* Debug */,
				A8CF27F224C93C79005E3350 /* Release */,
			);
			defaultConfigurationIsVisible = 0;
			defaultConfigurationName = Release;
		};
		A8CF27F324C93C79005E3350 /* Build configuration list for PBXNativeTarget "tipUITests" */ = {
			isa = XCConfigurationList;
			buildConfigurations = (
				A8CF27F424C93C79005E3350 /* Debug */,
				A8CF27F524C93C79005E3350 /* Release */,
			);
			defaultConfigurationIsVisible = 0;
			defaultConfigurationName = Release;
		};
/* End XCConfigurationList section */
	};
	rootObject = A8CF27BB24C93C76005E3350 /* Project object */;
}
